
Microsoft Visual Studio Solution File, Format Version 12.00
# Visual Studio 15
VisualStudioVersion = 15.0.28307.329
MinimumVisualStudioVersion = 10.0.40219.1
Project("{FAE04EC0-301F-11D3-BF4B-00C04F79EFBC}") = "Snake", "Snake\Snake.csproj", "{6C0907CB-0E8F-4076-B682-9E9DA8B61899}"
EndProject
Project("{FAE04EC0-301F-11D3-BF4B-00C04F79EFBC}") = "example", "example\example.csproj", "{371B9F91-DB49-43FC-AD0C-1390A4323D94}"
EndProject
Project("{FAE04EC0-301F-11D3-BF4B-00C04F79EFBC}") = "nextone", "nextone\nextone.csproj", "{AAA6C8EB-1B13-400C-B666-64B360A0F850}"
EndProject
Project("{FAE04EC0-301F-11D3-BF4B-00C04F79EFBC}") = "bagdarsham", "bagdarsham\bagdarsham.csproj", "{44672579-2392-4E0C-BA1C-7DED2774E139}"
EndProject
Project("{FAE04EC0-301F-11D3-BF4B-00C04F79EFBC}") = "ConsoleApp1", "ConsoleApp1\ConsoleApp1.csproj", "{6E5D0758-A589-49CF-93D4-EE052E958A28}"
EndProject
Project("{FAE04EC0-301F-11D3-BF4B-00C04F79EFBC}") = "car", "car\car.csproj", "{C6A938D2-E40B-4C17-B3A2-88EF45867B4C}"
EndProject
Project("{FAE04EC0-301F-11D3-BF4B-00C04F79EFBC}") = "ConsoleApp2", "ConsoleApp2\ConsoleApp2.csproj", "{42E97177-9A09-4030-B3EF-2741C1FB3858}"
EndProject
Global
	GlobalSection(SolutionConfigurationPlatforms) = preSolution
		Debug|Any CPU = Debug|Any CPU
		Release|Any CPU = Release|Any CPU
	EndGlobalSection
	GlobalSection(ProjectConfigurationPlatforms) = postSolution
		{6C0907CB-0E8F-4076-B682-9E9DA8B61899}.Debug|Any CPU.ActiveCfg = Debug|Any CPU
		{6C0907CB-0E8F-4076-B682-9E9DA8B61899}.Debug|Any CPU.Build.0 = Debug|Any CPU
		{6C0907CB-0E8F-4076-B682-9E9DA8B61899}.Release|Any CPU.ActiveCfg = Release|Any CPU
		{6C0907CB-0E8F-4076-B682-9E9DA8B61899}.Release|Any CPU.Build.0 = Release|Any CPU
		{371B9F91-DB49-43FC-AD0C-1390A4323D94}.Debug|Any CPU.ActiveCfg = Debug|Any CPU
		{371B9F91-DB49-43FC-AD0C-1390A4323D94}.Debug|Any CPU.Build.0 = Debug|Any CPU
		{371B9F91-DB49-43FC-AD0C-1390A4323D94}.Release|Any CPU.ActiveCfg = Release|Any CPU
		{371B9F91-DB49-43FC-AD0C-1390A4323D94}.Release|Any CPU.Build.0 = Release|Any CPU
		{AAA6C8EB-1B13-400C-B666-64B360A0F850}.Debug|Any CPU.ActiveCfg = Debug|Any CPU
		{AAA6C8EB-1B13-400C-B666-64B360A0F850}.Debug|Any CPU.Build.0 = Debug|Any CPU
		{AAA6C8EB-1B13-400C-B666-64B360A0F850}.Release|Any CPU.ActiveCfg = Release|Any CPU
		{AAA6C8EB-1B13-400C-B666-64B360A0F850}.Release|Any CPU.Build.0 = Release|Any CPU
		{44672579-2392-4E0C-BA1C-7DED2774E139}.Debug|Any CPU.ActiveCfg = Debug|Any CPU
		{44672579-2392-4E0C-BA1C-7DED2774E139}.Debug|Any CPU.Build.0 = Debug|Any CPU
		{44672579-2392-4E0C-BA1C-7DED2774E139}.Release|Any CPU.ActiveCfg = Release|Any CPU
		{44672579-2392-4E0C-BA1C-7DED2774E139}.Release|Any CPU.Build.0 = Release|Any CPU
		{6E5D0758-A589-49CF-93D4-EE052E958A28}.Debug|Any CPU.ActiveCfg = Debug|Any CPU
		{6E5D0758-A589-49CF-93D4-EE052E958A28}.Debug|Any CPU.Build.0 = Debug|Any CPU
		{6E5D0758-A589-49CF-93D4-EE052E958A28}.Release|Any CPU.ActiveCfg = Release|Any CPU
		{6E5D0758-A589-49CF-93D4-EE052E958A28}.Release|Any CPU.Build.0 = Release|Any CPU
		{C6A938D2-E40B-4C17-B3A2-88EF45867B4C}.Debug|Any CPU.ActiveCfg = Debug|Any CPU
		{C6A938D2-E40B-4C17-B3A2-88EF45867B4C}.Debug|Any CPU.Build.0 = Debug|Any CPU
		{C6A938D2-E40B-4C17-B3A2-88EF45867B4C}.Release|Any CPU.ActiveCfg = Release|Any CPU
		{C6A938D2-E40B-4C17-B3A2-88EF45867B4C}.Release|Any CPU.Build.0 = Release|Any CPU
		{42E97177-9A09-4030-B3EF-2741C1FB3858}.Debug|Any CPU.ActiveCfg = Debug|Any CPU
		{42E97177-9A09-4030-B3EF-2741C1FB3858}.Debug|Any CPU.Build.0 = Debug|Any CPU
		{42E97177-9A09-4030-B3EF-2741C1FB3858}.Release|Any CPU.ActiveCfg = Release|Any CPU
		{42E97177-9A09-4030-B3EF-2741C1FB3858}.Release|Any CPU.Build.0 = Release|Any CPU
	EndGlobalSection
	GlobalSection(SolutionProperties) = preSolution
		HideSolutionNode = FALSE
	EndGlobalSection
	GlobalSection(ExtensibilityGlobals) = postSolution
		SolutionGuid = {8C066935-007B-461C-9975-9D9D9EFFBD4C}
	EndGlobalSection
EndGlobal
