
Microsoft Visual Studio Solution File, Format Version 12.00
# Visual Studio 15
VisualStudioVersion = 15.0.28307.329
MinimumVisualStudioVersion = 10.0.40219.1
Project("{FAE04EC0-301F-11D3-BF4B-00C04F79EFBC}") = "task1", "task1\task1.csproj", "{FAF66A7A-5F83-40B9-8106-85B829895F52}"
EndProject
Project("{FAE04EC0-301F-11D3-BF4B-00C04F79EFBC}") = "task2", "task2\task2.csproj", "{ADCF43B0-1FDB-4E08-B076-1F1A2FA8F5B6}"
EndProject
Project("{FAE04EC0-301F-11D3-BF4B-00C04F79EFBC}") = "task3", "task3\task3.csproj", "{93859C23-04C5-4C34-AB40-B579C07D7AD0}"
EndProject
Project("{FAE04EC0-301F-11D3-BF4B-00C04F79EFBC}") = "task4", "task4\task4.csproj", "{6D5A8C9B-524B-499C-BB2D-A270BFDD6EF4}"
EndProject
Global
	GlobalSection(SolutionConfigurationPlatforms) = preSolution
		Debug|Any CPU = Debug|Any CPU
		Release|Any CPU = Release|Any CPU
	EndGlobalSection
	GlobalSection(ProjectConfigurationPlatforms) = postSolution
		{FAF66A7A-5F83-40B9-8106-85B829895F52}.Debug|Any CPU.ActiveCfg = Debug|Any CPU
		{FAF66A7A-5F83-40B9-8106-85B829895F52}.Debug|Any CPU.Build.0 = Debug|Any CPU
		{FAF66A7A-5F83-40B9-8106-85B829895F52}.Release|Any CPU.ActiveCfg = Release|Any CPU
		{FAF66A7A-5F83-40B9-8106-85B829895F52}.Release|Any CPU.Build.0 = Release|Any CPU
		{ADCF43B0-1FDB-4E08-B076-1F1A2FA8F5B6}.Debug|Any CPU.ActiveCfg = Debug|Any CPU
		{ADCF43B0-1FDB-4E08-B076-1F1A2FA8F5B6}.Debug|Any CPU.Build.0 = Debug|Any CPU
		{ADCF43B0-1FDB-4E08-B076-1F1A2FA8F5B6}.Release|Any CPU.ActiveCfg = Release|Any CPU
		{ADCF43B0-1FDB-4E08-B076-1F1A2FA8F5B6}.Release|Any CPU.Build.0 = Release|Any CPU
		{93859C23-04C5-4C34-AB40-B579C07D7AD0}.Debug|Any CPU.ActiveCfg = Debug|Any CPU
		{93859C23-04C5-4C34-AB40-B579C07D7AD0}.Debug|Any CPU.Build.0 = Debug|Any CPU
		{93859C23-04C5-4C34-AB40-B579C07D7AD0}.Release|Any CPU.ActiveCfg = Release|Any CPU
		{93859C23-04C5-4C34-AB40-B579C07D7AD0}.Release|Any CPU.Build.0 = Release|Any CPU
		{6D5A8C9B-524B-499C-BB2D-A270BFDD6EF4}.Debug|Any CPU.ActiveCfg = Debug|Any CPU
		{6D5A8C9B-524B-499C-BB2D-A270BFDD6EF4}.Debug|Any CPU.Build.0 = Debug|Any CPU
		{6D5A8C9B-524B-499C-BB2D-A270BFDD6EF4}.Release|Any CPU.ActiveCfg = Release|Any CPU
		{6D5A8C9B-524B-499C-BB2D-A270BFDD6EF4}.Release|Any CPU.Build.0 = Release|Any CPU
	EndGlobalSection
	GlobalSection(SolutionProperties) = preSolution
		HideSolutionNode = FALSE
	EndGlobalSection
	GlobalSection(ExtensibilityGlobals) = postSolution
		SolutionGuid = {A8F7BA07-C190-49C1-AE92-146BAA16E9D3}
	EndGlobalSection
EndGlobal
