
Microsoft Visual Studio Solution File, Format Version 12.00
# Visual Studio 15
VisualStudioVersion = 15.0.28307.329
MinimumVisualStudioVersion = 10.0.40219.1
Project("{FAE04EC0-301F-11D3-BF4B-00C04F79EFBC}") = "PaintApplication", "PaintApplication\PaintApplication.csproj", "{639FB968-5CB6-4C49-B234-FDB632343B69}"
EndProject
Global
	GlobalSection(SolutionConfigurationPlatforms) = preSolution
		Debug|Any CPU = Debug|Any CPU
		Release|Any CPU = Release|Any CPU
	EndGlobalSection
	GlobalSection(ProjectConfigurationPlatforms) = postSolution
		{639FB968-5CB6-4C49-B234-FDB632343B69}.Debug|Any CPU.ActiveCfg = Debug|Any CPU
		{639FB968-5CB6-4C49-B234-FDB632343B69}.Debug|Any CPU.Build.0 = Debug|Any CPU
		{639FB968-5CB6-4C49-B234-FDB632343B69}.Release|Any CPU.ActiveCfg = Release|Any CPU
		{639FB968-5CB6-4C49-B234-FDB632343B69}.Release|Any CPU.Build.0 = Release|Any CPU
	EndGlobalSection
	GlobalSection(SolutionProperties) = preSolution
		HideSolutionNode = FALSE
	EndGlobalSection
	GlobalSection(ExtensibilityGlobals) = postSolution
		SolutionGuid = {74197942-7AA7-4A54-B5BC-5D3C62A70363}
	EndGlobalSection
EndGlobal
