
Microsoft Visual Studio Solution File, Format Version 12.00
# Visual Studio 15
VisualStudioVersion = 15.0.28307.329
MinimumVisualStudioVersion = 10.0.40219.1
Project("{FAE04EC0-301F-11D3-BF4B-00C04F79EFBC}") = "task1", "task1\task1.csproj", "{F361D2A4-CAC2-410F-952D-982BC3334939}"
EndProject
Project("{FAE04EC0-301F-11D3-BF4B-00C04F79EFBC}") = "task2", "task2\task2.csproj", "{DD3B3A1F-858D-49E1-8B6F-6C354B50096A}"
EndProject
Project("{FAE04EC0-301F-11D3-BF4B-00C04F79EFBC}") = "task3", "task3\task3.csproj", "{B8A9F6CD-2FB6-4DDF-91A3-4F73948C488F}"
EndProject
Global
	GlobalSection(SolutionConfigurationPlatforms) = preSolution
		Debug|Any CPU = Debug|Any CPU
		Release|Any CPU = Release|Any CPU
	EndGlobalSection
	GlobalSection(ProjectConfigurationPlatforms) = postSolution
		{F361D2A4-CAC2-410F-952D-982BC3334939}.Debug|Any CPU.ActiveCfg = Debug|Any CPU
		{F361D2A4-CAC2-410F-952D-982BC3334939}.Debug|Any CPU.Build.0 = Debug|Any CPU
		{F361D2A4-CAC2-410F-952D-982BC3334939}.Release|Any CPU.ActiveCfg = Release|Any CPU
		{F361D2A4-CAC2-410F-952D-982BC3334939}.Release|Any CPU.Build.0 = Release|Any CPU
		{DD3B3A1F-858D-49E1-8B6F-6C354B50096A}.Debug|Any CPU.ActiveCfg = Debug|Any CPU
		{DD3B3A1F-858D-49E1-8B6F-6C354B50096A}.Debug|Any CPU.Build.0 = Debug|Any CPU
		{DD3B3A1F-858D-49E1-8B6F-6C354B50096A}.Release|Any CPU.ActiveCfg = Release|Any CPU
		{DD3B3A1F-858D-49E1-8B6F-6C354B50096A}.Release|Any CPU.Build.0 = Release|Any CPU
		{B8A9F6CD-2FB6-4DDF-91A3-4F73948C488F}.Debug|Any CPU.ActiveCfg = Debug|Any CPU
		{B8A9F6CD-2FB6-4DDF-91A3-4F73948C488F}.Debug|Any CPU.Build.0 = Debug|Any CPU
		{B8A9F6CD-2FB6-4DDF-91A3-4F73948C488F}.Release|Any CPU.ActiveCfg = Release|Any CPU
		{B8A9F6CD-2FB6-4DDF-91A3-4F73948C488F}.Release|Any CPU.Build.0 = Release|Any CPU
	EndGlobalSection
	GlobalSection(SolutionProperties) = preSolution
		HideSolutionNode = FALSE
	EndGlobalSection
	GlobalSection(ExtensibilityGlobals) = postSolution
		SolutionGuid = {8E9E7D1B-03E0-4DBB-B16E-DF2D67B3E787}
	EndGlobalSection
EndGlobal
